
Microsoft Visual Studio Solution File, Format Version 12.00
# Visual Studio Version 16
VisualStudioVersion = 16.0.31112.23
MinimumVisualStudioVersion = 10.0.40219.1
Project("{FAE04EC0-301F-11D3-BF4B-00C04F79EFBC}") = "Bowling", "Bowling\Bowling.csproj", "{3A13A07A-7FD6-4342-8BDE-EDA469BAB6FF}"
EndProject
Project("{FAE04EC0-301F-11D3-BF4B-00C04F79EFBC}") = "Tests", "Tests\Tests.csproj", "{8967133C-AA4D-4329-8C5D-E8A173CBD183}"
EndProject
Global
	GlobalSection(SolutionConfigurationPlatforms) = preSolution
		Debug|Any CPU = Debug|Any CPU
		Release|Any CPU = Release|Any CPU
	EndGlobalSection
	GlobalSection(ProjectConfigurationPlatforms) = postSolution
		{3A13A07A-7FD6-4342-8BDE-EDA469BAB6FF}.Debug|Any CPU.ActiveCfg = Debug|Any CPU
		{3A13A07A-7FD6-4342-8BDE-EDA469BAB6FF}.Debug|Any CPU.Build.0 = Debug|Any CPU
		{3A13A07A-7FD6-4342-8BDE-EDA469BAB6FF}.Release|Any CPU.ActiveCfg = Release|Any CPU
		{3A13A07A-7FD6-4342-8BDE-EDA469BAB6FF}.Release|Any CPU.Build.0 = Release|Any CPU
		{8967133C-AA4D-4329-8C5D-E8A173CBD183}.Debug|Any CPU.ActiveCfg = Debug|Any CPU
		{8967133C-AA4D-4329-8C5D-E8A173CBD183}.Debug|Any CPU.Build.0 = Debug|Any CPU
		{8967133C-AA4D-4329-8C5D-E8A173CBD183}.Release|Any CPU.ActiveCfg = Release|Any CPU
		{8967133C-AA4D-4329-8C5D-E8A173CBD183}.Release|Any CPU.Build.0 = Release|Any CPU
	EndGlobalSection
	GlobalSection(SolutionProperties) = preSolution
		HideSolutionNode = FALSE
	EndGlobalSection
	GlobalSection(ExtensibilityGlobals) = postSolution
		SolutionGuid = {1E44CA26-F31C-4C97-9534-C958D4F25543}
	EndGlobalSection
EndGlobal
